
Microsoft Visual Studio Solution File, Format Version 12.00
# Visual Studio 15
VisualStudioVersion = 15.0.28010.2046
MinimumVisualStudioVersion = 10.0.40219.1
Project("{8BC9CEB8-8B4A-11D0-8D11-00A0C91BC942}") = "Pascal's Triangle", "Pascal's Triangle\Pascal's Triangle.vcxproj", "{EE44946D-2669-4928-A0F2-0A1E0A30C8F2}"
EndProject
Global
	GlobalSection(SolutionConfigurationPlatforms) = preSolution
		Debug|x64 = Debug|x64
		Debug|x86 = Debug|x86
		Release|x64 = Release|x64
		Release|x86 = Release|x86
	EndGlobalSection
	GlobalSection(ProjectConfigurationPlatforms) = postSolution
		{EE44946D-2669-4928-A0F2-0A1E0A30C8F2}.Debug|x64.ActiveCfg = Debug|x64
		{EE44946D-2669-4928-A0F2-0A1E0A30C8F2}.Debug|x64.Build.0 = Debug|x64
		{EE44946D-2669-4928-A0F2-0A1E0A30C8F2}.Debug|x86.ActiveCfg = Debug|Win32
		{EE44946D-2669-4928-A0F2-0A1E0A30C8F2}.Debug|x86.Build.0 = Debug|Win32
		{EE44946D-2669-4928-A0F2-0A1E0A30C8F2}.Release|x64.ActiveCfg = Release|x64
		{EE44946D-2669-4928-A0F2-0A1E0A30C8F2}.Release|x64.Build.0 = Release|x64
		{EE44946D-2669-4928-A0F2-0A1E0A30C8F2}.Release|x86.ActiveCfg = Release|Win32
		{EE44946D-2669-4928-A0F2-0A1E0A30C8F2}.Release|x86.Build.0 = Release|Win32
	EndGlobalSection
	GlobalSection(SolutionProperties) = preSolution
		HideSolutionNode = FALSE
	EndGlobalSection
	GlobalSection(ExtensibilityGlobals) = postSolution
		SolutionGuid = {1084B696-7EF9-4B32-96BB-A326594CAC33}
	EndGlobalSection
EndGlobal
